// !$*UTF8*$!
{
	archiveVersion = 1;
	classes = {
	};
	objectVersion = 46;
	objects = {

/* Begin PBXBuildFile section */
		FABFA0AA1EEF665C00D2641D /* AppDelegate.swift in Sources */ = {isa = PBXBuildFile; fileRef = FABFA0A91EEF665C00D2641D /* AppDelegate.swift */; };
		FABFA0AC1EEF665C00D2641D /* ViewController.swift in Sources */ = {isa = PBXBuildFile; fileRef = FABFA0AB1EEF665C00D2641D /* ViewController.swift */; };
		FABFA0AF1EEF665C00D2641D /* Main.storyboard in Resources */ = {isa = PBXBuildFile; fileRef = FABFA0AD1EEF665C00D2641D /* Main.storyboard */; };
		FABFA0B11EEF665C00D2641D /* Assets.xcassets in Resources */ = {isa = PBXBuildFile; fileRef = FABFA0B01EEF665C00D2641D /* Assets.xcassets */; };
		FABFA0B41EEF665C00D2641D /* LaunchScreen.storyboard in Resources */ = {isa = PBXBuildFile; fileRef = FABFA0B21EEF665C00D2641D /* LaunchScreen.storyboard */; };
/* End PBXBuildFile section */

/* Begin PBXFileReference section */
		FABFA0A61EEF665B00D2641D /* my Calculate.app */ = {isa = PBXFileReference; explicitFileType = wrapper.application; includeInIndex = 0; path = "my Calculate.app"; sourceTree = BUILT_PRODUCTS_DIR; };
		FABFA0A91EEF665C00D2641D /* AppDelegate.swift */ = {isa = PBXFileReference; lastKnownFileType = sourcecode.swift; path = AppDelegate.swift; sourceTree = "<group>"; };
		FABFA0AB1EEF665C00D2641D /* ViewController.swift */ = {isa = PBXFileReference; lastKnownFileType = sourcecode.swift; path = ViewController.swift; sourceTree = "<group>"; };
		FABFA0AE1EEF665C00D2641D /* Base */ = {isa = PBXFileReference; lastKnownFileType = file.storyboard; name = Base; path = Base.lproj/Main.storyboard; sourceTree = "<group>"; };
		FABFA0B01EEF665C00D2641D /* Assets.xcassets */ = {isa = PBXFileReference; lastKnownFileType = folder.assetcatalog; path = Assets.xcassets; sourceTree = "<group>"; };
		FABFA0B31EEF665C00D2641D /* Base */ = {isa = PBXFileReference; lastKnownFileType = file.storyboard; name = Base; path = Base.lproj/LaunchScreen.storyboard; sourceTree = "<group>"; };
		FABFA0B51EEF665C00D2641D /* Info.plist */ = {isa = PBXFileReference; lastKnownFileType = text.plist.xml; path = Info.plist; sourceTree = "<group>"; };
/* End PBXFileReference section */

/* Begin PBXFrameworksBuildPhase section */
		FABFA0A31EEF665B00D2641D /* Frameworks */ = {
			isa = PBXFrameworksBuildPhase;
			buildActionMask = 2147483647;
			files = (
			);
			runOnlyForDeploymentPostprocessing = 0;
		};
/* End PBXFrameworksBuildPhase section */

/* Begin PBXGroup section */
		FABFA09D1EEF665B00D2641D = {
			isa = PBXGroup;
			children = (
				FABFA0A81EEF665B00D2641D /* my Calculate */,
				FABFA0A71EEF665B00D2641D /* Products */,
			);
			sourceTree = "<group>";
		};
		FABFA0A71EEF665B00D2641D /* Products */ = {
			isa = PBXGroup;
			children = (
				FABFA0A61EEF665B00D2641D /* my Calculate.app */,
			);
			name = Products;
			sourceTree = "<group>";
		};
		FABFA0A81EEF665B00D2641D /* my Calculate */ = {
			isa = PBXGroup;
			children = (
				FABFA0A91EEF665C00D2641D /* AppDelegate.swift */,
				FABFA0AB1EEF665C00D2641D /* ViewController.swift */,
				FABFA0AD1EEF665C00D2641D /* Main.storyboard */,
				FABFA0B01EEF665C00D2641D /* Assets.xcassets */,
				FABFA0B21EEF665C00D2641D /* LaunchScreen.storyboard */,
				FABFA0B51EEF665C00D2641D /* Info.plist */,
			);
			path = "my Calculate";
			sourceTree = "<group>";
		};
/* End PBXGroup section */

/* Begin PBXNativeTarget section */
		FABFA0A51EEF665B00D2641D /* my Calculate */ = {
			isa = PBXNativeTarget;
			buildConfigurationList = FABFA0B81EEF665C00D2641D /* Build configuration list for PBXNativeTarget "my Calculate" */;
			buildPhases = (
				FABFA0A21EEF665B00D2641D /* Sources */,
				FABFA0A31EEF665B00D2641D /* Frameworks */,
				FABFA0A41EEF665B00D2641D /* Resources */,
			);
			buildRules = (
			);
			dependencies = (
			);
			name = "my Calculate";
			productName = "my Calculate";
			productReference = FABFA0A61EEF665B00D2641D /* my Calculate.app */;
			productType = "com.apple.product-type.application";
		};
/* End PBXNativeTarget section */

/* Begin PBXProject section */
		FABFA09E1EEF665B00D2641D /* Project object */ = {
			isa = PBXProject;
			attributes = {
				LastSwiftUpdateCheck = 0830;
				LastUpgradeCheck = 0830;
				ORGANIZATIONNAME = SNRU;
				TargetAttributes = {
					FABFA0A51EEF665B00D2641D = {
						CreatedOnToolsVersion = 8.3.3;
						ProvisioningStyle = Automatic;
					};
				};
			};
			buildConfigurationList = FABFA0A11EEF665B00D2641D /* Build configuration list for PBXProject "my Calculate" */;
			compatibilityVersion = "Xcode 3.2";
			developmentRegion = English;
			hasScannedForEncodings = 0;
			knownRegions = (
				en,
				Base,
			);
			mainGroup = FABFA09D1EEF665B00D2641D;
			productRefGroup = FABFA0A71EEF665B00D2641D /* Products */;
			projectDirPath = "";
			projectRoot = "";
			targets = (
				FABFA0A51EEF665B00D2641D /* my Calculate */,
			);
		};
/* End PBXProject section */

/* Begin PBXResourcesBuildPhase section */
		FABFA0A41EEF665B00D2641D /* Resources */ = {
			isa = PBXResourcesBuildPhase;
			buildActionMask = 2147483647;
			files = (
				FABFA0B41EEF665C00D2641D /* LaunchScreen.storyboard in Resources */,
				FABFA0B11EEF665C00D2641D /* Assets.xcassets in Resources */,
				FABFA0AF1EEF665C00D2641D /* Main.storyboard in Resources */,
			);
			runOnlyForDeploymentPostprocessing = 0;
		};
/* End PBXResourcesBuildPhase section */

/* Begin PBXSourcesBuildPhase section */
		FABFA0A21EEF665B00D2641D /* Sources */ = {
			isa = PBXSourcesBuildPhase;
			buildActionMask = 2147483647;
			files = (
				FABFA0AC1EEF665C00D2641D /* ViewController.swift in Sources */,
				FABFA0AA1EEF665C00D2641D /* AppDelegate.swift in Sources */,
			);
			runOnlyForDeploymentPostprocessing = 0;
		};
/* End PBXSourcesBuildPhase section */

/* Begin PBXVariantGroup section */
		FABFA0AD1EEF665C00D2641D /* Main.storyboard */ = {
			isa = PBXVariantGroup;
			children = (
				FABFA0AE1EEF665C00D2641D /* Base */,
			);
			name = Main.storyboard;
			sourceTree = "<group>";
		};
		FABFA0B21EEF665C00D2641D /* LaunchScreen.storyboard */ = {
			isa = PBXVariantGroup;
			children = (
				FABFA0B31EEF665C00D2641D /* Base */,
			);
			name = LaunchScreen.storyboard;
			sourceTree = "<group>";
		};
/* End PBXVariantGroup section */

/* Begin XCBuildConfiguration section */
		FABFA0B61EEF665C00D2641D /* Debug */ = {
			isa = XCBuildConfiguration;
			buildSettings = {
				ALWAYS_SEARCH_USER_PATHS = NO;
				CLANG_ANALYZER_NONNULL = YES;
				CLANG_ANALYZER_NUMBER_OBJECT_CONVERSION = YES_AGGRESSIVE;
				CLANG_CXX_LANGUAGE_STANDARD = "gnu++0x";
				CLANG_CXX_LIBRARY = "libc++";
				CLANG_ENABLE_MODULES = YES;
				CLANG_ENABLE_OBJC_ARC = YES;
				CLANG_WARN_BOOL_CONVERSION = YES;
				CLANG_WARN_CONSTANT_CONVERSION = YES;
				CLANG_WARN_DIRECT_OBJC_ISA_USAGE = YES_ERROR;
				CLANG_WARN_DOCUMENTATION_COMMENTS = YES;
				CLANG_WARN_EMPTY_BODY = YES;
				CLANG_WARN_ENUM_CONVERSION = YES;
				CLANG_WARN_INFINITE_RECURSION = YES;
				CLANG_WARN_INT_CONVERSION = YES;
				CLANG_WARN_OBJC_ROOT_CLASS = YES_ERROR;
				CLANG_WARN_SUSPICIOUS_MOVE = YES;
				CLANG_WARN_UNREACHABLE_CODE = YES;
				CLANG_WARN__DUPLICATE_METHOD_MATCH = YES;
				"CODE_SIGN_IDENTITY[sdk=iphoneos*]" = "iPhone Developer";
				COPY_PHASE_STRIP = NO;
				DEBUG_INFORMATION_FORMAT = dwarf;
				ENABLE_STRICT_OBJC_MSGSEND = YES;
				ENABLE_TESTABILITY = YES;
				GCC_C_LANGUAGE_STANDARD = gnu99;
				GCC_DYNAMIC_NO_PIC = NO;
				GCC_NO_COMMON_BLOCKS = YES;
				GCC_OPTIMIZATION_LEVEL = 0;
				GCC_PREPROCESSOR_DEFINITIONS = (
					"DEBUG=1",
					"$(inherited)",
				);
				GCC_WARN_64_TO_32_BIT_CONVERSION = YES;
				GCC_WARN_ABOUT_RETURN_TYPE = YES_ERROR;
				GCC_WARN_UNDECLARED_SELECTOR = YES;
				GCC_WARN_UNINITIALIZED_AUTOS = YES_AGGRESSIVE;
				GCC_WARN_UNUSED_FUNCTION = YES;
				GCC_WARN_UNUSED_VARIABLE = YES;
				IPHONEOS_DEPLOYMENT_TARGET = 10.3;
				MTL_ENABLE_DEBUG_INFO = YES;
				ONLY_ACTIVE_ARCH = YES;
				SDKROOT = iphoneos;
				SWIFT_ACTIVE_COMPILATION_CONDITIONS = DEBUG;
				SWIFT_OPTIMIZATION_LEVEL = "-Onone";
				TARGETED_DEVICE_FAMILY = "1,2";
			};
			name = Debug;
		};
		FABFA0B71EEF665C00D2641D /* Release */ = {
			isa = XCBuildConfiguration;
			buildSettings = {
				ALWAYS_SEARCH_USER_PATHS = NO;
				CLANG_ANALYZER_NONNULL = YES;
				CLANG_ANALYZER_NUMBER_OBJECT_CONVERSION = YES_AGGRESSIVE;
				CLANG_CXX_LANGUAGE_STANDARD = "gnu++0x";
				CLANG_CXX_LIBRARY = "libc++";
				CLANG_ENABLE_MODULES = YES;
				CLANG_ENABLE_OBJC_ARC = YES;
				CLANG_WARN_BOOL_CONVERSION = YES;
				CLANG_WARN_CONSTANT_CONVERSION = YES;
				CLANG_WARN_DIRECT_OBJC_ISA_USAGE = YES_ERROR;
				CLANG_WARN_DOCUMENTATION_COMMENTS = YES;
				CLANG_WARN_EMPTY_BODY = YES;
				CLANG_WARN_ENUM_CONVERSION = YES;
				CLANG_WARN_INFINITE_RECURSION = YES;
				CLANG_WARN_INT_CONVERSION = YES;
				CLANG_WARN_OBJC_ROOT_CLASS = YES_ERROR;
				CLANG_WARN_SUSPICIOUS_MOVE = YES;
				CLANG_WARN_UNREACHABLE_CODE = YES;
				CLANG_WARN__DUPLICATE_METHOD_MATCH = YES;
				"CODE_SIGN_IDENTITY[sdk=iphoneos*]" = "iPhone Developer";
				COPY_PHASE_STRIP = NO;
				DEBUG_INFORMATION_FORMAT = "dwarf-with-dsym";
				ENABLE_NS_ASSERTIONS = NO;
				ENABLE_STRICT_OBJC_MSGSEND = YES;
				GCC_C_LANGUAGE_STANDARD = gnu99;
				GCC_NO_COMMON_BLOCKS = YES;
				GCC_WARN_64_TO_32_BIT_CONVERSION = YES;
				GCC_WARN_ABOUT_RETURN_TYPE = YES_ERROR;
				GCC_WARN_UNDECLARED_SELECTOR = YES;
				GCC_WARN_UNINITIALIZED_AUTOS = YES_AGGRESSIVE;
				GCC_WARN_UNUSED_FUNCTION = YES;
				GCC_WARN_UNUSED_VARIABLE = YES;
				IPHONEOS_DEPLOYMENT_TARGET = 10.3;
				MTL_ENABLE_DEBUG_INFO = NO;
				SDKROOT = iphoneos;
				SWIFT_OPTIMIZATION_LEVEL = "-Owholemodule";
				TARGETED_DEVICE_FAMILY = "1,2";
				VALIDATE_PRODUCT = YES;
			};
			name = Release;
		};
		FABFA0B91EEF665C00D2641D /* Debug */ = {
			isa = XCBuildConfiguration;
			buildSettings = {
				ASSETCATALOG_COMPILER_APPICON_NAME = AppIcon;
				INFOPLIST_FILE = "my Calculate/Info.plist";
				LD_RUNPATH_SEARCH_PATHS = "$(inherited) @executable_path/Frameworks";
				PRODUCT_BUNDLE_IDENTIFIER = "Computer.AdisakSTP.my-Calculate";
				PRODUCT_NAME = "$(TARGET_NAME)";
				SWIFT_VERSION = 3.0;
			};
			name = Debug;
		};
		FABFA0BA1EEF665C00D2641D /* Release */ = {
			isa = XCBuildConfiguration;
			buildSettings = {
				ASSETCATALOG_COMPILER_APPICON_NAME = AppIcon;
				INFOPLIST_FILE = "my Calculate/Info.plist";
				LD_RUNPATH_SEARCH_PATHS = "$(inherited) @executable_path/Frameworks";
				PRODUCT_BUNDLE_IDENTIFIER = "Computer.AdisakSTP.my-Calculate";
				PRODUCT_NAME = "$(TARGET_NAME)";
				SWIFT_VERSION = 3.0;
			};
			name = Release;
		};
/* End XCBuildConfiguration section */

/* Begin XCConfigurationList section */
		FABFA0A11EEF665B00D2641D /* Build configuration list for PBXProject "my Calculate" */ = {
			isa = XCConfigurationList;
			buildConfigurations = (
				FABFA0B61EEF665C00D2641D /* Debug */,
				FABFA0B71EEF665C00D2641D /* Release */,
			);
			defaultConfigurationIsVisible = 0;
			defaultConfigurationName = Release;
		};
		FABFA0B81EEF665C00D2641D /* Build configuration list for PBXNativeTarget "my Calculate" */ = {
			isa = XCConfigurationList;
			buildConfigurations = (
				FABFA0B91EEF665C00D2641D /* Debug */,
				FABFA0BA1EEF665C00D2641D /* Release */,
			);
			defaultConfigurationIsVisible = 0;
		};
/* End XCConfigurationList section */
	};
	rootObject = FABFA09E1EEF665B00D2641D /* Project object */;
}
